// !$*UTF8*$!
{
	archiveVersion = 1;
	classes = {
	};
	objectVersion = 56;
	objects = {

/* Begin PBXBuildFile section */
		3E3810F42AEF972E00E5DEFF /* NotesAppApp.swift in Sources */ = {isa = PBXBuildFile; fileRef = 3E3810F32AEF972E00E5DEFF /* NotesAppApp.swift */; };
		3E3810F62AEF972E00E5DEFF /* ContentView.swift in Sources */ = {isa = PBXBuildFile; fileRef = 3E3810F52AEF972E00E5DEFF /* ContentView.swift */; };
		3E3810F82AEF972F00E5DEFF /* Assets.xcassets in Resources */ = {isa = PBXBuildFile; fileRef = 3E3810F72AEF972F00E5DEFF /* Assets.xcassets */; };
		3E3810FB2AEF972F00E5DEFF /* Preview Assets.xcassets in Resources */ = {isa = PBXBuildFile; fileRef = 3E3810FA2AEF972F00E5DEFF /* Preview Assets.xcassets */; };
		3E3811062AEF972F00E5DEFF /* NotesAppTests.swift in Sources */ = {isa = PBXBuildFile; fileRef = 3E3811052AEF972F00E5DEFF /* NotesAppTests.swift */; };
		3E3811102AEF972F00E5DEFF /* NotesAppUITests.swift in Sources */ = {isa = PBXBuildFile; fileRef = 3E38110F2AEF972F00E5DEFF /* NotesAppUITests.swift */; };
		3E3811122AEF972F00E5DEFF /* NotesAppUITestsLaunchTests.swift in Sources */ = {isa = PBXBuildFile; fileRef = 3E3811112AEF972F00E5DEFF /* NotesAppUITestsLaunchTests.swift */; };
		3E3811232AEF9CED00E5DEFF /* SideBarView.swift in Sources */ = {isa = PBXBuildFile; fileRef = 3E3811222AEF9CED00E5DEFF /* SideBarView.swift */; };
		3E3811252AEF9CFB00E5DEFF /* SideBarViewModel.swift in Sources */ = {isa = PBXBuildFile; fileRef = 3E3811242AEF9CFB00E5DEFF /* SideBarViewModel.swift */; };
		3E3811292AEF9F8A00E5DEFF /* StoreManager.swift in Sources */ = {isa = PBXBuildFile; fileRef = 3E3811282AEF9F8A00E5DEFF /* StoreManager.swift */; };
		3E38112B2AEFA04D00E5DEFF /* Task.swift in Sources */ = {isa = PBXBuildFile; fileRef = 3E38112A2AEFA04D00E5DEFF /* Task.swift */; };
		3E38112D2AEFA34D00E5DEFF /* TaskListView.swift in Sources */ = {isa = PBXBuildFile; fileRef = 3E38112C2AEFA34D00E5DEFF /* TaskListView.swift */; };
		3E38112F2AEFA35600E5DEFF /* TaskListViewModel.swift in Sources */ = {isa = PBXBuildFile; fileRef = 3E38112E2AEFA35600E5DEFF /* TaskListViewModel.swift */; };
/* End PBXBuildFile section */

/* Begin PBXContainerItemProxy section */
		3E3811022AEF972F00E5DEFF /* PBXContainerItemProxy */ = {
			isa = PBXContainerItemProxy;
			containerPortal = 3E3810E82AEF972E00E5DEFF /* Project object */;
			proxyType = 1;
			remoteGlobalIDString = 3E3810EF2AEF972E00E5DEFF;
			remoteInfo = NotesApp;
		};
		3E38110C2AEF972F00E5DEFF /* PBXContainerItemProxy */ = {
			isa = PBXContainerItemProxy;
			containerPortal = 3E3810E82AEF972E00E5DEFF /* Project object */;
			proxyType = 1;
			remoteGlobalIDString = 3E3810EF2AEF972E00E5DEFF;
			remoteInfo = NotesApp;
		};
/* End PBXContainerItemProxy section */

/* Begin PBXFileReference section */
		3E3810F02AEF972E00E5DEFF /* NotesApp.app */ = {isa = PBXFileReference; explicitFileType = wrapper.application; includeInIndex = 0; path = NotesApp.app; sourceTree = BUILT_PRODUCTS_DIR; };
		3E3810F32AEF972E00E5DEFF /* NotesAppApp.swift */ = {isa = PBXFileReference; lastKnownFileType = sourcecode.swift; path = NotesAppApp.swift; sourceTree = "<group>"; };
		3E3810F52AEF972E00E5DEFF /* ContentView.swift */ = {isa = PBXFileReference; lastKnownFileType = sourcecode.swift; path = ContentView.swift; sourceTree = "<group>"; };
		3E3810F72AEF972F00E5DEFF /* Assets.xcassets */ = {isa = PBXFileReference; lastKnownFileType = folder.assetcatalog; path = Assets.xcassets; sourceTree = "<group>"; };
		3E3810FA2AEF972F00E5DEFF /* Preview Assets.xcassets */ = {isa = PBXFileReference; lastKnownFileType = folder.assetcatalog; path = "Preview Assets.xcassets"; sourceTree = "<group>"; };
		3E3810FC2AEF972F00E5DEFF /* NotesApp.entitlements */ = {isa = PBXFileReference; lastKnownFileType = text.plist.entitlements; path = NotesApp.entitlements; sourceTree = "<group>"; };
		3E3811012AEF972F00E5DEFF /* NotesAppTests.xctest */ = {isa = PBXFileReference; explicitFileType = wrapper.cfbundle; includeInIndex = 0; path = NotesAppTests.xctest; sourceTree = BUILT_PRODUCTS_DIR; };
		3E3811052AEF972F00E5DEFF /* NotesAppTests.swift */ = {isa = PBXFileReference; lastKnownFileType = sourcecode.swift; path = NotesAppTests.swift; sourceTree = "<group>"; };
		3E38110B2AEF972F00E5DEFF /* NotesAppUITests.xctest */ = {isa = PBXFileReference; explicitFileType = wrapper.cfbundle; includeInIndex = 0; path = NotesAppUITests.xctest; sourceTree = BUILT_PRODUCTS_DIR; };
		3E38110F2AEF972F00E5DEFF /* NotesAppUITests.swift */ = {isa = PBXFileReference; lastKnownFileType = sourcecode.swift; path = NotesAppUITests.swift; sourceTree = "<group>"; };
		3E3811112AEF972F00E5DEFF /* NotesAppUITestsLaunchTests.swift */ = {isa = PBXFileReference; lastKnownFileType = sourcecode.swift; path = NotesAppUITestsLaunchTests.swift; sourceTree = "<group>"; };
		3E3811222AEF9CED00E5DEFF /* SideBarView.swift */ = {isa = PBXFileReference; lastKnownFileType = sourcecode.swift; path = SideBarView.swift; sourceTree = "<group>"; };
		3E3811242AEF9CFB00E5DEFF /* SideBarViewModel.swift */ = {isa = PBXFileReference; lastKnownFileType = sourcecode.swift; path = SideBarViewModel.swift; sourceTree = "<group>"; };
		3E3811282AEF9F8A00E5DEFF /* StoreManager.swift */ = {isa = PBXFileReference; lastKnownFileType = sourcecode.swift; path = StoreManager.swift; sourceTree = "<group>"; };
		3E38112A2AEFA04D00E5DEFF /* Task.swift */ = {isa = PBXFileReference; lastKnownFileType = sourcecode.swift; path = Task.swift; sourceTree = "<group>"; };
		3E38112C2AEFA34D00E5DEFF /* TaskListView.swift */ = {isa = PBXFileReference; lastKnownFileType = sourcecode.swift; path = TaskListView.swift; sourceTree = "<group>"; };
		3E38112E2AEFA35600E5DEFF /* TaskListViewModel.swift */ = {isa = PBXFileReference; lastKnownFileType = sourcecode.swift; path = TaskListViewModel.swift; sourceTree = "<group>"; };
/* End PBXFileReference section */

/* Begin PBXFrameworksBuildPhase section */
		3E3810ED2AEF972E00E5DEFF /* Frameworks */ = {
			isa = PBXFrameworksBuildPhase;
			buildActionMask = 2147483647;
			files = (
			);
			runOnlyForDeploymentPostprocessing = 0;
		};
		3E3810FE2AEF972F00E5DEFF /* Frameworks */ = {
			isa = PBXFrameworksBuildPhase;
			buildActionMask = 2147483647;
			files = (
			);
			runOnlyForDeploymentPostprocessing = 0;
		};
		3E3811082AEF972F00E5DEFF /* Frameworks */ = {
			isa = PBXFrameworksBuildPhase;
			buildActionMask = 2147483647;
			files = (
			);
			runOnlyForDeploymentPostprocessing = 0;
		};
/* End PBXFrameworksBuildPhase section */

/* Begin PBXGroup section */
		3E3810E72AEF972E00E5DEFF = {
			isa = PBXGroup;
			children = (
				3E3810F22AEF972E00E5DEFF /* NotesApp */,
				3E3811042AEF972F00E5DEFF /* NotesAppTests */,
				3E38110E2AEF972F00E5DEFF /* NotesAppUITests */,
				3E3810F12AEF972E00E5DEFF /* Products */,
			);
			sourceTree = "<group>";
		};
		3E3810F12AEF972E00E5DEFF /* Products */ = {
			isa = PBXGroup;
			children = (
				3E3810F02AEF972E00E5DEFF /* NotesApp.app */,
				3E3811012AEF972F00E5DEFF /* NotesAppTests.xctest */,
				3E38110B2AEF972F00E5DEFF /* NotesAppUITests.xctest */,
			);
			name = Products;
			sourceTree = "<group>";
		};
		3E3810F22AEF972E00E5DEFF /* NotesApp */ = {
			isa = PBXGroup;
			children = (
				3E3811262AEF9F4000E5DEFF /* Store */,
				3E38111F2AEF9C9E00E5DEFF /* Views */,
				3E38111E2AEF977F00E5DEFF /* App */,
			);
			path = NotesApp;
			sourceTree = "<group>";
		};
		3E3810F92AEF972F00E5DEFF /* Preview Content */ = {
			isa = PBXGroup;
			children = (
				3E3810FA2AEF972F00E5DEFF /* Preview Assets.xcassets */,
			);
			path = "Preview Content";
			sourceTree = "<group>";
		};
		3E3811042AEF972F00E5DEFF /* NotesAppTests */ = {
			isa = PBXGroup;
			children = (
				3E3811052AEF972F00E5DEFF /* NotesAppTests.swift */,
			);
			path = NotesAppTests;
			sourceTree = "<group>";
		};
		3E38110E2AEF972F00E5DEFF /* NotesAppUITests */ = {
			isa = PBXGroup;
			children = (
				3E38110F2AEF972F00E5DEFF /* NotesAppUITests.swift */,
				3E3811112AEF972F00E5DEFF /* NotesAppUITestsLaunchTests.swift */,
			);
			path = NotesAppUITests;
			sourceTree = "<group>";
		};
		3E38111E2AEF977F00E5DEFF /* App */ = {
			isa = PBXGroup;
			children = (
				3E3810F92AEF972F00E5DEFF /* Preview Content */,
				3E3810FC2AEF972F00E5DEFF /* NotesApp.entitlements */,
				3E3810F72AEF972F00E5DEFF /* Assets.xcassets */,
				3E3810F32AEF972E00E5DEFF /* NotesAppApp.swift */,
			);
			path = App;
			sourceTree = "<group>";
		};
		3E38111F2AEF9C9E00E5DEFF /* Views */ = {
			isa = PBXGroup;
			children = (
				3E3811212AEF9CBF00E5DEFF /* TaskList */,
				3E3811202AEF9CA900E5DEFF /* SideBar */,
				3E3810F52AEF972E00E5DEFF /* ContentView.swift */,
			);
			path = Views;
			sourceTree = "<group>";
		};
		3E3811202AEF9CA900E5DEFF /* SideBar */ = {
			isa = PBXGroup;
			children = (
				3E3811222AEF9CED00E5DEFF /* SideBarView.swift */,
				3E3811242AEF9CFB00E5DEFF /* SideBarViewModel.swift */,
			);
			path = SideBar;
			sourceTree = "<group>";
		};
		3E3811212AEF9CBF00E5DEFF /* TaskList */ = {
			isa = PBXGroup;
			children = (
				3E38112C2AEFA34D00E5DEFF /* TaskListView.swift */,
				3E38112E2AEFA35600E5DEFF /* TaskListViewModel.swift */,
			);
			path = TaskList;
			sourceTree = "<group>";
		};
		3E3811262AEF9F4000E5DEFF /* Store */ = {
			isa = PBXGroup;
			children = (
				3E3811272AEF9F7C00E5DEFF /* Model */,
				3E3811282AEF9F8A00E5DEFF /* StoreManager.swift */,
			);
			path = Store;
			sourceTree = "<group>";
		};
		3E3811272AEF9F7C00E5DEFF /* Model */ = {
			isa = PBXGroup;
			children = (
				3E38112A2AEFA04D00E5DEFF /* Task.swift */,
			);
			path = Model;
			sourceTree = "<group>";
		};
/* End PBXGroup section */

/* Begin PBXNativeTarget section */
		3E3810EF2AEF972E00E5DEFF /* NotesApp */ = {
			isa = PBXNativeTarget;
			buildConfigurationList = 3E3811152AEF972F00E5DEFF /* Build configuration list for PBXNativeTarget "NotesApp" */;
			buildPhases = (
				3E3810EC2AEF972E00E5DEFF /* Sources */,
				3E3810ED2AEF972E00E5DEFF /* Frameworks */,
				3E3810EE2AEF972E00E5DEFF /* Resources */,
			);
			buildRules = (
			);
			dependencies = (
			);
			name = NotesApp;
			productName = NotesApp;
			productReference = 3E3810F02AEF972E00E5DEFF /* NotesApp.app */;
			productType = "com.apple.product-type.application";
		};
		3E3811002AEF972F00E5DEFF /* NotesAppTests */ = {
			isa = PBXNativeTarget;
			buildConfigurationList = 3E3811182AEF972F00E5DEFF /* Build configuration list for PBXNativeTarget "NotesAppTests" */;
			buildPhases = (
				3E3810FD2AEF972F00E5DEFF /* Sources */,
				3E3810FE2AEF972F00E5DEFF /* Frameworks */,
				3E3810FF2AEF972F00E5DEFF /* Resources */,
			);
			buildRules = (
			);
			dependencies = (
				3E3811032AEF972F00E5DEFF /* PBXTargetDependency */,
			);
			name = NotesAppTests;
			productName = NotesAppTests;
			productReference = 3E3811012AEF972F00E5DEFF /* NotesAppTests.xctest */;
			productType = "com.apple.product-type.bundle.unit-test";
		};
		3E38110A2AEF972F00E5DEFF /* NotesAppUITests */ = {
			isa = PBXNativeTarget;
			buildConfigurationList = 3E38111B2AEF972F00E5DEFF /* Build configuration list for PBXNativeTarget "NotesAppUITests" */;
			buildPhases = (
				3E3811072AEF972F00E5DEFF /* Sources */,
				3E3811082AEF972F00E5DEFF /* Frameworks */,
				3E3811092AEF972F00E5DEFF /* Resources */,
			);
			buildRules = (
			);
			dependencies = (
				3E38110D2AEF972F00E5DEFF /* PBXTargetDependency */,
			);
			name = NotesAppUITests;
			productName = NotesAppUITests;
			productReference = 3E38110B2AEF972F00E5DEFF /* NotesAppUITests.xctest */;
			productType = "com.apple.product-type.bundle.ui-testing";
		};
/* End PBXNativeTarget section */

/* Begin PBXProject section */
		3E3810E82AEF972E00E5DEFF /* Project object */ = {
			isa = PBXProject;
			attributes = {
				BuildIndependentTargetsInParallel = 1;
				LastSwiftUpdateCheck = 1500;
				LastUpgradeCheck = 1500;
				TargetAttributes = {
					3E3810EF2AEF972E00E5DEFF = {
						CreatedOnToolsVersion = 15.0.1;
					};
					3E3811002AEF972F00E5DEFF = {
						CreatedOnToolsVersion = 15.0.1;
						TestTargetID = 3E3810EF2AEF972E00E5DEFF;
					};
					3E38110A2AEF972F00E5DEFF = {
						CreatedOnToolsVersion = 15.0.1;
						TestTargetID = 3E3810EF2AEF972E00E5DEFF;
					};
				};
			};
			buildConfigurationList = 3E3810EB2AEF972E00E5DEFF /* Build configuration list for PBXProject "NotesApp" */;
			compatibilityVersion = "Xcode 14.0";
			developmentRegion = en;
			hasScannedForEncodings = 0;
			knownRegions = (
				en,
				Base,
			);
			mainGroup = 3E3810E72AEF972E00E5DEFF;
			productRefGroup = 3E3810F12AEF972E00E5DEFF /* Products */;
			projectDirPath = "";
			projectRoot = "";
			targets = (
				3E3810EF2AEF972E00E5DEFF /* NotesApp */,
				3E3811002AEF972F00E5DEFF /* NotesAppTests */,
				3E38110A2AEF972F00E5DEFF /* NotesAppUITests */,
			);
		};
/* End PBXProject section */

/* Begin PBXResourcesBuildPhase section */
		3E3810EE2AEF972E00E5DEFF /* Resources */ = {
			isa = PBXResourcesBuildPhase;
			buildActionMask = 2147483647;
			files = (
				3E3810FB2AEF972F00E5DEFF /* Preview Assets.xcassets in Resources */,
				3E3810F82AEF972F00E5DEFF /* Assets.xcassets in Resources */,
			);
			runOnlyForDeploymentPostprocessing = 0;
		};
		3E3810FF2AEF972F00E5DEFF /* Resources */ = {
			isa = PBXResourcesBuildPhase;
			buildActionMask = 2147483647;
			files = (
			);
			runOnlyForDeploymentPostprocessing = 0;
		};
		3E3811092AEF972F00E5DEFF /* Resources */ = {
			isa = PBXResourcesBuildPhase;
			buildActionMask = 2147483647;
			files = (
			);
			runOnlyForDeploymentPostprocessing = 0;
		};
/* End PBXResourcesBuildPhase section */

/* Begin PBXSourcesBuildPhase section */
		3E3810EC2AEF972E00E5DEFF /* Sources */ = {
			isa = PBXSourcesBuildPhase;
			buildActionMask = 2147483647;
			files = (
				3E38112D2AEFA34D00E5DEFF /* TaskListView.swift in Sources */,
				3E3811232AEF9CED00E5DEFF /* SideBarView.swift in Sources */,
				3E3810F62AEF972E00E5DEFF /* ContentView.swift in Sources */,
				3E3811292AEF9F8A00E5DEFF /* StoreManager.swift in Sources */,
				3E3810F42AEF972E00E5DEFF /* NotesAppApp.swift in Sources */,
				3E38112F2AEFA35600E5DEFF /* TaskListViewModel.swift in Sources */,
				3E38112B2AEFA04D00E5DEFF /* Task.swift in Sources */,
				3E3811252AEF9CFB00E5DEFF /* SideBarViewModel.swift in Sources */,
			);
			runOnlyForDeploymentPostprocessing = 0;
		};
		3E3810FD2AEF972F00E5DEFF /* Sources */ = {
			isa = PBXSourcesBuildPhase;
			buildActionMask = 2147483647;
			files = (
				3E3811062AEF972F00E5DEFF /* NotesAppTests.swift in Sources */,
			);
			runOnlyForDeploymentPostprocessing = 0;
		};
		3E3811072AEF972F00E5DEFF /* Sources */ = {
			isa = PBXSourcesBuildPhase;
			buildActionMask = 2147483647;
			files = (
				3E3811122AEF972F00E5DEFF /* NotesAppUITestsLaunchTests.swift in Sources */,
				3E3811102AEF972F00E5DEFF /* NotesAppUITests.swift in Sources */,
			);
			runOnlyForDeploymentPostprocessing = 0;
		};
/* End PBXSourcesBuildPhase section */

/* Begin PBXTargetDependency section */
		3E3811032AEF972F00E5DEFF /* PBXTargetDependency */ = {
			isa = PBXTargetDependency;
			target = 3E3810EF2AEF972E00E5DEFF /* NotesApp */;
			targetProxy = 3E3811022AEF972F00E5DEFF /* PBXContainerItemProxy */;
		};
		3E38110D2AEF972F00E5DEFF /* PBXTargetDependency */ = {
			isa = PBXTargetDependency;
			target = 3E3810EF2AEF972E00E5DEFF /* NotesApp */;
			targetProxy = 3E38110C2AEF972F00E5DEFF /* PBXContainerItemProxy */;
		};
/* End PBXTargetDependency section */

/* Begin XCBuildConfiguration section */
		3E3811132AEF972F00E5DEFF /* Debug */ = {
			isa = XCBuildConfiguration;
			buildSettings = {
				ALWAYS_SEARCH_USER_PATHS = NO;
				ASSETCATALOG_COMPILER_GENERATE_SWIFT_ASSET_SYMBOL_EXTENSIONS = YES;
				CLANG_ANALYZER_NONNULL = YES;
				CLANG_ANALYZER_NUMBER_OBJECT_CONVERSION = YES_AGGRESSIVE;
				CLANG_CXX_LANGUAGE_STANDARD = "gnu++20";
				CLANG_ENABLE_MODULES = YES;
				CLANG_ENABLE_OBJC_ARC = YES;
				CLANG_ENABLE_OBJC_WEAK = YES;
				CLANG_WARN_BLOCK_CAPTURE_AUTORELEASING = YES;
				CLANG_WARN_BOOL_CONVERSION = YES;
				CLANG_WARN_COMMA = YES;
				CLANG_WARN_CONSTANT_CONVERSION = YES;
				CLANG_WARN_DEPRECATED_OBJC_IMPLEMENTATIONS = YES;
				CLANG_WARN_DIRECT_OBJC_ISA_USAGE = YES_ERROR;
				CLANG_WARN_DOCUMENTATION_COMMENTS = YES;
				CLANG_WARN_EMPTY_BODY = YES;
				CLANG_WARN_ENUM_CONVERSION = YES;
				CLANG_WARN_INFINITE_RECURSION = YES;
				CLANG_WARN_INT_CONVERSION = YES;
				CLANG_WARN_NON_LITERAL_NULL_CONVERSION = YES;
				CLANG_WARN_OBJC_IMPLICIT_RETAIN_SELF = YES;
				CLANG_WARN_OBJC_LITERAL_CONVERSION = YES;
				CLANG_WARN_OBJC_ROOT_CLASS = YES_ERROR;
				CLANG_WARN_QUOTED_INCLUDE_IN_FRAMEWORK_HEADER = YES;
				CLANG_WARN_RANGE_LOOP_ANALYSIS = YES;
				CLANG_WARN_STRICT_PROTOTYPES = YES;
				CLANG_WARN_SUSPICIOUS_MOVE = YES;
				CLANG_WARN_UNGUARDED_AVAILABILITY = YES_AGGRESSIVE;
				CLANG_WARN_UNREACHABLE_CODE = YES;
				CLANG_WARN__DUPLICATE_METHOD_MATCH = YES;
				COPY_PHASE_STRIP = NO;
				DEBUG_INFORMATION_FORMAT = dwarf;
				ENABLE_STRICT_OBJC_MSGSEND = YES;
				ENABLE_TESTABILITY = YES;
				ENABLE_USER_SCRIPT_SANDBOXING = YES;
				GCC_C_LANGUAGE_STANDARD = gnu17;
				GCC_DYNAMIC_NO_PIC = NO;
				GCC_NO_COMMON_BLOCKS = YES;
				GCC_OPTIMIZATION_LEVEL = 0;
				GCC_PREPROCESSOR_DEFINITIONS = (
					"DEBUG=1",
					"$(inherited)",
				);
				GCC_WARN_64_TO_32_BIT_CONVERSION = YES;
				GCC_WARN_ABOUT_RETURN_TYPE = YES_ERROR;
				GCC_WARN_UNDECLARED_SELECTOR = YES;
				GCC_WARN_UNINITIALIZED_AUTOS = YES_AGGRESSIVE;
				GCC_WARN_UNUSED_FUNCTION = YES;
				GCC_WARN_UNUSED_VARIABLE = YES;
				LOCALIZATION_PREFERS_STRING_CATALOGS = YES;
				MACOSX_DEPLOYMENT_TARGET = 14.0;
				MTL_ENABLE_DEBUG_INFO = INCLUDE_SOURCE;
				MTL_FAST_MATH = YES;
				ONLY_ACTIVE_ARCH = YES;
				SDKROOT = macosx;
				SWIFT_ACTIVE_COMPILATION_CONDITIONS = "DEBUG $(inherited)";
				SWIFT_OPTIMIZATION_LEVEL = "-Onone";
			};
			name = Debug;
		};
		3E3811142AEF972F00E5DEFF /* Release */ = {
			isa = XCBuildConfiguration;
			buildSettings = {
				ALWAYS_SEARCH_USER_PATHS = NO;
				ASSETCATALOG_COMPILER_GENERATE_SWIFT_ASSET_SYMBOL_EXTENSIONS = YES;
				CLANG_ANALYZER_NONNULL = YES;
				CLANG_ANALYZER_NUMBER_OBJECT_CONVERSION = YES_AGGRESSIVE;
				CLANG_CXX_LANGUAGE_STANDARD = "gnu++20";
				CLANG_ENABLE_MODULES = YES;
				CLANG_ENABLE_OBJC_ARC = YES;
				CLANG_ENABLE_OBJC_WEAK = YES;
				CLANG_WARN_BLOCK_CAPTURE_AUTORELEASING = YES;
				CLANG_WARN_BOOL_CONVERSION = YES;
				CLANG_WARN_COMMA = YES;
				CLANG_WARN_CONSTANT_CONVERSION = YES;
				CLANG_WARN_DEPRECATED_OBJC_IMPLEMENTATIONS = YES;
				CLANG_WARN_DIRECT_OBJC_ISA_USAGE = YES_ERROR;
				CLANG_WARN_DOCUMENTATION_COMMENTS = YES;
				CLANG_WARN_EMPTY_BODY = YES;
				CLANG_WARN_ENUM_CONVERSION = YES;
				CLANG_WARN_INFINITE_RECURSION = YES;
				CLANG_WARN_INT_CONVERSION = YES;
				CLANG_WARN_NON_LITERAL_NULL_CONVERSION = YES;
				CLANG_WARN_OBJC_IMPLICIT_RETAIN_SELF = YES;
				CLANG_WARN_OBJC_LITERAL_CONVERSION = YES;
				CLANG_WARN_OBJC_ROOT_CLASS = YES_ERROR;
				CLANG_WARN_QUOTED_INCLUDE_IN_FRAMEWORK_HEADER = YES;
				CLANG_WARN_RANGE_LOOP_ANALYSIS = YES;
				CLANG_WARN_STRICT_PROTOTYPES = YES;
				CLANG_WARN_SUSPICIOUS_MOVE = YES;
				CLANG_WARN_UNGUARDED_AVAILABILITY = YES_AGGRESSIVE;
				CLANG_WARN_UNREACHABLE_CODE = YES;
				CLANG_WARN__DUPLICATE_METHOD_MATCH = YES;
				COPY_PHASE_STRIP = NO;
				DEBUG_INFORMATION_FORMAT = "dwarf-with-dsym";
				ENABLE_NS_ASSERTIONS = NO;
				ENABLE_STRICT_OBJC_MSGSEND = YES;
				ENABLE_USER_SCRIPT_SANDBOXING = YES;
				GCC_C_LANGUAGE_STANDARD = gnu17;
				GCC_NO_COMMON_BLOCKS = YES;
				GCC_WARN_64_TO_32_BIT_CONVERSION = YES;
				GCC_WARN_ABOUT_RETURN_TYPE = YES_ERROR;
				GCC_WARN_UNDECLARED_SELECTOR = YES;
				GCC_WARN_UNINITIALIZED_AUTOS = YES_AGGRESSIVE;
				GCC_WARN_UNUSED_FUNCTION = YES;
				GCC_WARN_UNUSED_VARIABLE = YES;
				LOCALIZATION_PREFERS_STRING_CATALOGS = YES;
				MACOSX_DEPLOYMENT_TARGET = 14.0;
				MTL_ENABLE_DEBUG_INFO = NO;
				MTL_FAST_MATH = YES;
				SDKROOT = macosx;
				SWIFT_COMPILATION_MODE = wholemodule;
			};
			name = Release;
		};
		3E3811162AEF972F00E5DEFF /* Debug */ = {
			isa = XCBuildConfiguration;
			buildSettings = {
				ASSETCATALOG_COMPILER_APPICON_NAME = AppIcon;
				ASSETCATALOG_COMPILER_GLOBAL_ACCENT_COLOR_NAME = AccentColor;
				CODE_SIGN_ENTITLEMENTS = NotesApp/App/NotesApp.entitlements;
				CODE_SIGN_STYLE = Automatic;
				COMBINE_HIDPI_IMAGES = YES;
				CURRENT_PROJECT_VERSION = 1;
				DEVELOPMENT_ASSET_PATHS = "\"NotesApp/App/Preview Content\"";
				DEVELOPMENT_TEAM = 93V4WB9C37;
				ENABLE_HARDENED_RUNTIME = YES;
				ENABLE_PREVIEWS = YES;
				GENERATE_INFOPLIST_FILE = YES;
				INFOPLIST_KEY_NSHumanReadableCopyright = "";
				LD_RUNPATH_SEARCH_PATHS = (
					"$(inherited)",
					"@executable_path/../Frameworks",
				);
				MARKETING_VERSION = 1.0;
				PRODUCT_BUNDLE_IDENTIFIER = none.NotesApp;
				PRODUCT_NAME = "$(TARGET_NAME)";
				SWIFT_EMIT_LOC_STRINGS = YES;
				SWIFT_VERSION = 5.0;
			};
			name = Debug;
		};
		3E3811172AEF972F00E5DEFF /* Release */ = {
			isa = XCBuildConfiguration;
			buildSettings = {
				ASSETCATALOG_COMPILER_APPICON_NAME = AppIcon;
				ASSETCATALOG_COMPILER_GLOBAL_ACCENT_COLOR_NAME = AccentColor;
				CODE_SIGN_ENTITLEMENTS = NotesApp/App/NotesApp.entitlements;
				CODE_SIGN_STYLE = Automatic;
				COMBINE_HIDPI_IMAGES = YES;
				CURRENT_PROJECT_VERSION = 1;
				DEVELOPMENT_ASSET_PATHS = "\"NotesApp/App/Preview Content\"";
				DEVELOPMENT_TEAM = 93V4WB9C37;
				ENABLE_HARDENED_RUNTIME = YES;
				ENABLE_PREVIEWS = YES;
				GENERATE_INFOPLIST_FILE = YES;
				INFOPLIST_KEY_NSHumanReadableCopyright = "";
				LD_RUNPATH_SEARCH_PATHS = (
					"$(inherited)",
					"@executable_path/../Frameworks",
				);
				MARKETING_VERSION = 1.0;
				PRODUCT_BUNDLE_IDENTIFIER = none.NotesApp;
				PRODUCT_NAME = "$(TARGET_NAME)";
				SWIFT_EMIT_LOC_STRINGS = YES;
				SWIFT_VERSION = 5.0;
			};
			name = Release;
		};
		3E3811192AEF972F00E5DEFF /* Debug */ = {
			isa = XCBuildConfiguration;
			buildSettings = {
				ALWAYS_EMBED_SWIFT_STANDARD_LIBRARIES = YES;
				BUNDLE_LOADER = "$(TEST_HOST)";
				CODE_SIGN_STYLE = Automatic;
				CURRENT_PROJECT_VERSION = 1;
				DEVELOPMENT_TEAM = 93V4WB9C37;
				GENERATE_INFOPLIST_FILE = YES;
				MACOSX_DEPLOYMENT_TARGET = 14.0;
				MARKETING_VERSION = 1.0;
				PRODUCT_BUNDLE_IDENTIFIER = none.NotesAppTests;
				PRODUCT_NAME = "$(TARGET_NAME)";
				SWIFT_EMIT_LOC_STRINGS = NO;
				SWIFT_VERSION = 5.0;
				TEST_HOST = "$(BUILT_PRODUCTS_DIR)/NotesApp.app/$(BUNDLE_EXECUTABLE_FOLDER_PATH)/NotesApp";
			};
			name = Debug;
		};
		3E38111A2AEF972F00E5DEFF /* Release */ = {
			isa = XCBuildConfiguration;
			buildSettings = {
				ALWAYS_EMBED_SWIFT_STANDARD_LIBRARIES = YES;
				BUNDLE_LOADER = "$(TEST_HOST)";
				CODE_SIGN_STYLE = Automatic;
				CURRENT_PROJECT_VERSION = 1;
				DEVELOPMENT_TEAM = 93V4WB9C37;
				GENERATE_INFOPLIST_FILE = YES;
				MACOSX_DEPLOYMENT_TARGET = 14.0;
				MARKETING_VERSION = 1.0;
				PRODUCT_BUNDLE_IDENTIFIER = none.NotesAppTests;
				PRODUCT_NAME = "$(TARGET_NAME)";
				SWIFT_EMIT_LOC_STRINGS = NO;
				SWIFT_VERSION = 5.0;
				TEST_HOST = "$(BUILT_PRODUCTS_DIR)/NotesApp.app/$(BUNDLE_EXECUTABLE_FOLDER_PATH)/NotesApp";
			};
			name = Release;
		};
		3E38111C2AEF972F00E5DEFF /* Debug */ = {
			isa = XCBuildConfiguration;
			buildSettings = {
				ALWAYS_EMBED_SWIFT_STANDARD_LIBRARIES = YES;
				CODE_SIGN_STYLE = Automatic;
				CURRENT_PROJECT_VERSION = 1;
				DEVELOPMENT_TEAM = 93V4WB9C37;
				GENERATE_INFOPLIST_FILE = YES;
				MARKETING_VERSION = 1.0;
				PRODUCT_BUNDLE_IDENTIFIER = none.NotesAppUITests;
				PRODUCT_NAME = "$(TARGET_NAME)";
				SWIFT_EMIT_LOC_STRINGS = NO;
				SWIFT_VERSION = 5.0;
				TEST_TARGET_NAME = NotesApp;
			};
			name = Debug;
		};
		3E38111D2AEF972F00E5DEFF /* Release */ = {
			isa = XCBuildConfiguration;
			buildSettings = {
				ALWAYS_EMBED_SWIFT_STANDARD_LIBRARIES = YES;
				CODE_SIGN_STYLE = Automatic;
				CURRENT_PROJECT_VERSION = 1;
				DEVELOPMENT_TEAM = 93V4WB9C37;
				GENERATE_INFOPLIST_FILE = YES;
				MARKETING_VERSION = 1.0;
				PRODUCT_BUNDLE_IDENTIFIER = none.NotesAppUITests;
				PRODUCT_NAME = "$(TARGET_NAME)";
				SWIFT_EMIT_LOC_STRINGS = NO;
				SWIFT_VERSION = 5.0;
				TEST_TARGET_NAME = NotesApp;
			};
			name = Release;
		};
/* End XCBuildConfiguration section */

/* Begin XCConfigurationList section */
		3E3810EB2AEF972E00E5DEFF /* Build configuration list for PBXProject "NotesApp" */ = {
			isa = XCConfigurationList;
			buildConfigurations = (
				3E3811132AEF972F00E5DEFF /* Debug */,
				3E3811142AEF972F00E5DEFF /* Release */,
			);
			defaultConfigurationIsVisible = 0;
			defaultConfigurationName = Release;
		};
		3E3811152AEF972F00E5DEFF /* Build configuration list for PBXNativeTarget "NotesApp" */ = {
			isa = XCConfigurationList;
			buildConfigurations = (
				3E3811162AEF972F00E5DEFF /* Debug */,
				3E3811172AEF972F00E5DEFF /* Release */,
			);
			defaultConfigurationIsVisible = 0;
			defaultConfigurationName = Release;
		};
		3E3811182AEF972F00E5DEFF /* Build configuration list for PBXNativeTarget "NotesAppTests" */ = {
			isa = XCConfigurationList;
			buildConfigurations = (
				3E3811192AEF972F00E5DEFF /* Debug */,
				3E38111A2AEF972F00E5DEFF /* Release */,
			);
			defaultConfigurationIsVisible = 0;
			defaultConfigurationName = Release;
		};
		3E38111B2AEF972F00E5DEFF /* Build configuration list for PBXNativeTarget "NotesAppUITests" */ = {
			isa = XCConfigurationList;
			buildConfigurations = (
				3E38111C2AEF972F00E5DEFF /* Debug */,
				3E38111D2AEF972F00E5DEFF /* Release */,
			);
			defaultConfigurationIsVisible = 0;
			defaultConfigurationName = Release;
		};
/* End XCConfigurationList section */
	};
	rootObject = 3E3810E82AEF972E00E5DEFF /* Project object */;
}
